
Microsoft Visual Studio Solution File, Format Version 12.00
# Visual Studio Version 17
VisualStudioVersion = 17.0.32014.148
MinimumVisualStudioVersion = 10.0.40219.1
Project("{FAE04EC0-301F-11D3-BF4B-00C04F79EFBC}") = "LessonTwo", "LessonTwo\LessonTwo.csproj", "{8CE1AEE2-EA63-4E5A-B5AE-61238DD60F8C}"
EndProject
Global
	GlobalSection(SolutionConfigurationPlatforms) = preSolution
		Debug|Any CPU = Debug|Any CPU
		Release|Any CPU = Release|Any CPU
	EndGlobalSection
	GlobalSection(ProjectConfigurationPlatforms) = postSolution
		{8CE1AEE2-EA63-4E5A-B5AE-61238DD60F8C}.Debug|Any CPU.ActiveCfg = Debug|Any CPU
		{8CE1AEE2-EA63-4E5A-B5AE-61238DD60F8C}.Debug|Any CPU.Build.0 = Debug|Any CPU
		{8CE1AEE2-EA63-4E5A-B5AE-61238DD60F8C}.Release|Any CPU.ActiveCfg = Release|Any CPU
		{8CE1AEE2-EA63-4E5A-B5AE-61238DD60F8C}.Release|Any CPU.Build.0 = Release|Any CPU
	EndGlobalSection
	GlobalSection(SolutionProperties) = preSolution
		HideSolutionNode = FALSE
	EndGlobalSection
	GlobalSection(ExtensibilityGlobals) = postSolution
		SolutionGuid = {61CDC49B-7CC9-4A85-9C58-22C54EA9EBB6}
	EndGlobalSection
EndGlobal
